
Microsoft Visual Studio Solution File, Format Version 12.00
# Visual Studio Version 16
VisualStudioVersion = 16.0.32106.194
MinimumVisualStudioVersion = 10.0.40219.1
Project("{8BC9CEB8-8B4A-11D0-8D11-00A0C91BC942}") = "StackEncrypt", "StackEncrypt.vcxproj", "{5A6F942E-888A-4CE1-A6FB-1AB8AE22AFFA}"
EndProject
Global
	GlobalSection(SolutionConfigurationPlatforms) = preSolution
		Debug|x64 = Debug|x64
		Debug|x86 = Debug|x86
		Release|x64 = Release|x64
		Release|x86 = Release|x86
	EndGlobalSection
	GlobalSection(ProjectConfigurationPlatforms) = postSolution
		{5A6F942E-888A-4CE1-A6FB-1AB8AE22AFFA}.Debug|x64.ActiveCfg = Debug|x64
		{5A6F942E-888A-4CE1-A6FB-1AB8AE22AFFA}.Debug|x64.Build.0 = Debug|x64
		{5A6F942E-888A-4CE1-A6FB-1AB8AE22AFFA}.Debug|x86.ActiveCfg = Debug|Win32
		{5A6F942E-888A-4CE1-A6FB-1AB8AE22AFFA}.Debug|x86.Build.0 = Debug|Win32
		{5A6F942E-888A-4CE1-A6FB-1AB8AE22AFFA}.Release|x64.ActiveCfg = Release|x64
		{5A6F942E-888A-4CE1-A6FB-1AB8AE22AFFA}.Release|x64.Build.0 = Release|x64
		{5A6F942E-888A-4CE1-A6FB-1AB8AE22AFFA}.Release|x86.ActiveCfg = Release|Win32
		{5A6F942E-888A-4CE1-A6FB-1AB8AE22AFFA}.Release|x86.Build.0 = Release|Win32
	EndGlobalSection
	GlobalSection(SolutionProperties) = preSolution
		HideSolutionNode = FALSE
	EndGlobalSection
	GlobalSection(ExtensibilityGlobals) = postSolution
		SolutionGuid = {CC110C10-420F-4DB0-8265-2C33EF462851}
	EndGlobalSection
EndGlobal
